hash: 42e170ff66a546fc2fe490b3a408e0a9c00d340257d82bbf8a991944dd381128
updated: 2016-01-11T20:41:47.157748943-08:00
imports:
- name: github.com/gorilla/context
  version: 1c83b3eabd45b6d76072b66b746c20815fb2872d
- name: github.com/gorilla/mux
  version: 26a6070f849969ba72b72256e9f14cf519751690
devImports: []
